{
  "version": 4,
  "terraform_version": "1.0.1",
  "serial": 1428,
  "lineage": "c92f7436-78c5-34db-b2b7-5b027f95b64a",
  "outputs": {},
  "resources": [
    {
      "module": "module.vpc.module.vpc",
      "mode": "managed",
      "type": "aws_internet_gateway",
      "name": "this",
      "provider": "provider[\"registry.terraform.io/hashicorp/aws\"]",
      "instances": [
        {
          "index_key": 0,
          "schema_version": 0,
          "attributes": {
            "arn": "arn:aws:ec2:ap-northeast-1:833812018788:internet-gateway/igw-0a2605370d594c7e1",
            "id": "igw-0a2605370d594c7e1",
            "owner_id": "833812018788",
            "tags": {
              "Application": "terraform-eks-demo-infra",
              "Environment": "prod",
              "Name": "terraform-eks-demo-infra",
              "Terraform": "true",
              "VPC-Name": "vpc-apne1-prod-terraform-eks-demo-infra"
            },
            "tags_all": {
              "Application": "terraform-eks-demo-infra",
              "Environment": "prod",
              "Name": "terraform-eks-demo-infra",
              "Terraform": "true",
              "VPC-Name": "vpc-apne1-prod-terraform-eks-demo-infra"
            },
            "vpc_id": "vpc-0edd06ce157624511"
          },
          "sensitive_attributes": [],
          "private": "bnVsbA==",
          "dependencies": [
            "module.vpc.module.vpc.aws_vpc.this",
            "module.vpc.module.vpc.aws_vpc_ipv4_cidr_block_association.this"
          ]
        }
      ]
    },
    {
      "module": "module.vpc.module.vpc",
      "mode": "managed",
      "type": "aws_subnet",
      "name": "public",
      "provider": "provider[\"registry.terraform.io/hashicorp/aws\"]",
      "instances": [
        {
          "index_key": 0,
          "schema_version": 1,
          "attributes": {
            "arn": "arn:aws:ec2:ap-northeast-1:833812018788:subnet/subnet-02abf94296a4b2635",
            "assign_ipv6_address_on_creation": false,
            "availability_zone": "ap-northeast-1a",
            "availability_zone_id": "apne1-az4",
            "cidr_block": "10.1.1.0/24",
            "customer_owned_ipv4_pool": "",
            "id": "subnet-02abf94296a4b2635",
            "ipv6_cidr_block": "",
            "ipv6_cidr_block_association_id": "",
            "map_customer_owned_ip_on_launch": false,
            "map_public_ip_on_launch": true,
            "outpost_arn": "",
            "owner_id": "833812018788",
            "tags": {
              "Application": "terraform-eks-demo-infra",
              "Environment": "prod",
              "Name": "terraform-eks-demo-infra-public-ap-northeast-1a",
              "Terraform": "true",
              "Tier": "public",
              "VPC-Name": "vpc-apne1-prod-terraform-eks-demo-infra",
              "kubernetes.io/cluster/eks-apne1-prod-terraform-eks-demo-infra": "shared",
              "kubernetes.io/role/elb": "1"
            },
            "tags_all": {
              "Application": "terraform-eks-demo-infra",
              "Environment": "prod",
              "Name": "terraform-eks-demo-infra-public-ap-northeast-1a",
              "Terraform": "true",
              "Tier": "public",
              "VPC-Name": "vpc-apne1-prod-terraform-eks-demo-infra",
              "kubernetes.io/cluster/eks-apne1-prod-terraform-eks-demo-infra": "shared",
              "kubernetes.io/role/elb": "1"
            },
            "timeouts": null,
            "vpc_id": "vpc-0edd06ce157624511"
          },
          "sensitive_attributes": [],
          "private": "eyJlMmJmYjczMC1lY2FhLTExZTYtOGY4OC0zNDM2M2JjN2M0YzAiOnsiY3JlYXRlIjo2MDAwMDAwMDAwMDAsImRlbGV0ZSI6MTIwMDAwMDAwMDAwMH0sInNjaGVtYV92ZXJzaW9uIjoiMSJ9",
          "dependencies": [
            "module.vpc.module.vpc.aws_vpc.this",
            "module.vpc.module.vpc.aws_vpc_ipv4_cidr_block_association.this"
          ],
          "create_before_destroy": true
        },
        {
          "index_key": 1,
          "schema_version": 1,
          "attributes": {
            "arn": "arn:aws:ec2:ap-northeast-1:833812018788:subnet/subnet-069d3a402037b602b",
            "assign_ipv6_address_on_creation": false,
            "availability_zone": "ap-northeast-1c",
            "availability_zone_id": "apne1-az1",
            "cidr_block": "10.1.2.0/24",
            "customer_owned_ipv4_pool": "",
            "id": "subnet-069d3a402037b602b",
            "ipv6_cidr_block": "",
            "ipv6_cidr_block_association_id": "",
            "map_customer_owned_ip_on_launch": false,
            "map_public_ip_on_launch": true,
            "outpost_arn": "",
            "owner_id": "833812018788",
            "tags": {
              "Application": "terraform-eks-demo-infra",
              "Environment": "prod",
              "Name": "terraform-eks-demo-infra-public-ap-northeast-1c",
              "Terraform": "true",
              "Tier": "public",
              "VPC-Name": "vpc-apne1-prod-terraform-eks-demo-infra",
              "kubernetes.io/cluster/eks-apne1-prod-terraform-eks-demo-infra": "shared",
              "kubernetes.io/role/elb": "1"
            },
            "tags_all": {
              "Application": "terraform-eks-demo-infra",
              "Environment": "prod",
              "Name": "terraform-eks-demo-infra-public-ap-northeast-1c",
              "Terraform": "true",
              "Tier": "public",
              "VPC-Name": "vpc-apne1-prod-terraform-eks-demo-infra",
              "kubernetes.io/cluster/eks-apne1-prod-terraform-eks-demo-infra": "shared",
              "kubernetes.io/role/elb": "1"
            },
            "timeouts": null,
            "vpc_id": "vpc-0edd06ce157624511"
          },
          "sensitive_attributes": [],
          "private": "eyJlMmJmYjczMC1lY2FhLTExZTYtOGY4OC0zNDM2M2JjN2M0YzAiOnsiY3JlYXRlIjo2MDAwMDAwMDAwMDAsImRlbGV0ZSI6MTIwMDAwMDAwMDAwMH0sInNjaGVtYV92ZXJzaW9uIjoiMSJ9",
          "dependencies": [
            "module.vpc.module.vpc.aws_vpc.this",
            "module.vpc.module.vpc.aws_vpc_ipv4_cidr_block_association.this"
          ],
          "create_before_destroy": true
        },
        {
          "index_key": 2,
          "schema_version": 1,
          "attributes": {
            "arn": "arn:aws:ec2:ap-northeast-1:833812018788:subnet/subnet-0f345291c9f6bc436",
            "assign_ipv6_address_on_creation": false,
            "availability_zone": "ap-northeast-1d",
            "availability_zone_id": "apne1-az2",
            "cidr_block": "10.1.3.0/24",
            "customer_owned_ipv4_pool": "",
            "id": "subnet-0f345291c9f6bc436",
            "ipv6_cidr_block": "",
            "ipv6_cidr_block_association_id": "",
            "map_customer_owned_ip_on_launch": false,
            "map_public_ip_on_launch": true,
            "outpost_arn": "",
            "owner_id": "833812018788",
            "tags": {
              "Application": "terraform-eks-demo-infra",
              "Environment": "prod",
              "Name": "terraform-eks-demo-infra-public-ap-northeast-1d",
              "Terraform": "true",
              "Tier": "public",
              "VPC-Name": "vpc-apne1-prod-terraform-eks-demo-infra",
              "kubernetes.io/cluster/eks-apne1-prod-terraform-eks-demo-infra": "shared",
              "kubernetes.io/role/elb": "1"
            },
            "tags_all": {
              "Application": "terraform-eks-demo-infra",
              "Environment": "prod",
              "Name": "terraform-eks-demo-infra-public-ap-northeast-1d",
              "Terraform": "true",
              "Tier": "public",
              "VPC-Name": "vpc-apne1-prod-terraform-eks-demo-infra",
              "kubernetes.io/cluster/eks-apne1-prod-terraform-eks-demo-infra": "shared",
              "kubernetes.io/role/elb": "1"
            },
            "timeouts": null,
            "vpc_id": "vpc-0edd06ce157624511"
          },
          "sensitive_attributes": [],
          "private": "eyJlMmJmYjczMC1lY2FhLTExZTYtOGY4OC0zNDM2M2JjN2M0YzAiOnsiY3JlYXRlIjo2MDAwMDAwMDAwMDAsImRlbGV0ZSI6MTIwMDAwMDAwMDAwMH0sInNjaGVtYV92ZXJzaW9uIjoiMSJ9",
          "dependencies": [
            "module.vpc.module.vpc.aws_vpc_ipv4_cidr_block_association.this",
            "module.vpc.module.vpc.aws_vpc.this"
          ],
          "create_before_destroy": true
        }
      ]
    },
    {
      "module": "module.vpc.module.vpc",
      "mode": "managed",
      "type": "aws_vpc",
      "name": "this",
      "provider": "provider[\"registry.terraform.io/hashicorp/aws\"]",
      "instances": [
        {
          "index_key": 0,
          "schema_version": 1,
          "attributes": {
            "arn": "arn:aws:ec2:ap-northeast-1:833812018788:vpc/vpc-0edd06ce157624511",
            "assign_generated_ipv6_cidr_block": false,
            "cidr_block": "10.1.0.0/16",
            "default_network_acl_id": "acl-0f81040f1ff1a34c9",
            "default_route_table_id": "rtb-085acc1e23918c6a3",
            "default_security_group_id": "sg-0fbb3ee2799889a9d",
            "dhcp_options_id": "dopt-fe242c9c",
            "enable_classiclink": false,
            "enable_classiclink_dns_support": false,
            "enable_dns_hostnames": true,
            "enable_dns_support": true,
            "id": "vpc-0edd06ce157624511",
            "instance_tenancy": "default",
            "ipv6_association_id": "",
            "ipv6_cidr_block": "",
            "main_route_table_id": "rtb-085acc1e23918c6a3",
            "owner_id": "833812018788",
            "tags": {
              "Application": "terraform-eks-demo-infra",
              "Environment": "prod",
              "Name": "terraform-eks-demo-infra",
              "Terraform": "true",
              "VPC-Name": "vpc-apne1-prod-terraform-eks-demo-infra"
            },
            "tags_all": {
              "Application": "terraform-eks-demo-infra",
              "Environment": "prod",
              "Name": "terraform-eks-demo-infra",
              "Terraform": "true",
              "VPC-Name": "vpc-apne1-prod-terraform-eks-demo-infra"
            }
          },
          "sensitive_attributes": [],
          "private": "eyJzY2hlbWFfdmVyc2lvbiI6IjEifQ==",
          "create_before_destroy": true
        }
      ]
    }
  ]
}
