{
  "version": 4,
  "terraform_version": "1.0.2",
  "serial": 25,
  "lineage": "eb1f426b-1ad2-c19b-c76a-f4da2d32d436",
  "outputs": {},
  "resources": [
    {
      "module": "module.db.module.db.module.db_option_group",
      "mode": "managed",
      "type": "aws_db_option_group",
      "name": "this",
      "provider": "provider[\"registry.terraform.io/hashicorp/aws\"]",
      "instances": [
        {
          "index_key": 0,
          "schema_version": 0,
          "attributes": {
            "arn": "arn:aws:rds:ap-northeast-1:833812018788:og:mysqldb-20210806192448547000000004",
            "engine_name": "mysql",
            "id": "mysqldb-20210806192448547000000004",
            "major_engine_version": "5.7",
            "name": "mysqldb-20210806192448547000000004",
            "name_prefix": "mysqldb-",
            "option": [
              {
                "db_security_group_memberships": [],
                "option_name": "MARIADB_AUDIT_PLUGIN",
                "option_settings": [
                  {
                    "name": "SERVER_AUDIT_EVENTS",
                    "value": "CONNECT"
                  },
                  {
                    "name": "SERVER_AUDIT_FILE_ROTATIONS",
                    "value": "37"
                  }
                ],
                "port": 0,
                "version": "",
                "vpc_security_group_memberships": []
              }
            ],
            "option_group_description": "mysqldb option group",
            "tags": {
              "Environment": "dev",
              "Name": "mysqldb",
              "Owner": "user"
            },
            "tags_all": {
              "Environment": "dev",
              "Name": "mysqldb",
              "Owner": "user"
            },
            "timeouts": {
              "delete": "15m"
            }
          },
          "sensitive_attributes": [],
          "private": "eyJlMmJmYjczMC1lY2FhLTExZTYtOGY4OC0zNDM2M2JjN2M0YzAiOnsiZGVsZXRlIjo5MDAwMDAwMDAwMDB9fQ==",
          "create_before_destroy": true
        }
      ]
    }
  ]
}
